{
  "version": 4,
  "terraform_version": "1.3.8",
  "serial": 100,
  "lineage": "e8e6e033-cb09-4096-9489-07cb7420a8a5",
  "outputs": {},
  "resources": [
    {
      "mode": "data",
      "type": "archive_file",
      "name": "functionZip",
      "provider": "provider[\"registry.terraform.io/hashicorp/archive\"]",
      "instances": [
        {
          "schema_version": 0,
          "attributes": {
            "exclude_symlink_directories": null,
            "excludes": null,
            "id": "8b74e5b94a1ab70abd68234728f3b5d9a92116f5",
            "output_base64sha256": "sUbIQUtCs50C+XFWRX/6XquAugWq/QeQvoU9e4rFbJk=",
            "output_base64sha512": "y9sbo5jyFXwq/l9+hs+vArZNgsxpizqajjZqaEwidK10D+UfdMXiDJgKdlZz4KcGEGmFNDQXAUZFLjOBBJHmvA==",
            "output_file_mode": null,
            "output_md5": "c167774cfd246b7ed388a03e7ee2bd4b",
            "output_path": "../cloud_functions/data_loader.zip",
            "output_sha": "8b74e5b94a1ab70abd68234728f3b5d9a92116f5",
            "output_sha256": "b146c8414b42b39d02f97156457ffa5eab80ba05aafd0790be853d7b8ac56c99",
            "output_sha512": "cbdb1ba398f2157c2afe5f7e86cfaf02b64d82cc698b3a9a8e366a684c2274ad740fe51f74c5e20c980a765673e0a7061069853434170146452e33810491e6bc",
            "output_size": 1590,
            "source": [],
            "source_content": null,
            "source_content_filename": null,
            "source_dir": "../cloud_functions/data_loader",
            "source_file": null,
            "type": "zip"
          },
          "sensitive_attributes": []
        }
      ]
    },
    {
      "mode": "managed",
      "type": "google_bigquery_dataset",
      "name": "movies_data",
      "provider": "provider[\"registry.terraform.io/hashicorp/google\"]",
      "instances": [
        {
          "schema_version": 0,
          "attributes": {
            "access": [
              {
                "dataset": [],
                "domain": "",
                "group_by_email": "",
                "iam_member": "",
                "role": "OWNER",
                "routine": [],
                "special_group": "",
                "user_by_email": "ajit.junghare@equalexperts.com",
                "view": []
              },
              {
                "dataset": [],
                "domain": "",
                "group_by_email": "",
                "iam_member": "",
                "role": "OWNER",
                "routine": [],
                "special_group": "projectOwners",
                "user_by_email": "",
                "view": []
              },
              {
                "dataset": [],
                "domain": "",
                "group_by_email": "",
                "iam_member": "",
                "role": "READER",
                "routine": [],
                "special_group": "projectReaders",
                "user_by_email": "",
                "view": []
              },
              {
                "dataset": [],
                "domain": "",
                "group_by_email": "",
                "iam_member": "",
                "role": "WRITER",
                "routine": [],
                "special_group": "projectWriters",
                "user_by_email": "",
                "view": []
              }
            ],
            "creation_time": 1722500026119,
            "dataset_id": "movies_data_ajit",
            "default_collation": "",
            "default_encryption_configuration": [],
            "default_partition_expiration_ms": 0,
            "default_table_expiration_ms": 144000000,
            "delete_contents_on_destroy": false,
            "description": "Dataset for movies",
            "effective_labels": {
              "env": "default"
            },
            "etag": "/drYWGod/+ejhrIG/bZS6w==",
            "external_dataset_reference": [],
            "friendly_name": "movies_data",
            "id": "projects/ee-india-se-data/datasets/movies_data_ajit",
            "is_case_insensitive": false,
            "labels": {
              "env": "default"
            },
            "last_modified_time": 1722500026119,
            "location": "asia-south1",
            "max_time_travel_hours": "",
            "project": "ee-india-se-data",
            "self_link": "https://bigquery.googleapis.com/bigquery/v2/projects/ee-india-se-data/datasets/movies_data_ajit",
            "storage_billing_model": "",
            "terraform_labels": {
              "env": "default"
            },
            "timeouts": null
          },
          "sensitive_attributes": [],
          "private": "eyJlMmJmYjczMC1lY2FhLTExZTYtOGY4OC0zNDM2M2JjN2M0YzAiOnsiY3JlYXRlIjoxMjAwMDAwMDAwMDAwLCJkZWxldGUiOjEyMDAwMDAwMDAwMDAsInVwZGF0ZSI6MTIwMDAwMDAwMDAwMH19"
        }
      ]
    },
    {
      "mode": "managed",
      "type": "google_bigquery_table",
      "name": "movies_raw",
      "provider": "provider[\"registry.terraform.io/hashicorp/google\"]",
      "instances": [
        {
          "schema_version": 0,
          "attributes": {
            "clustering": null,
            "creation_time": 1722500028045,
            "dataset_id": "movies_data_ajit",
            "deletion_protection": false,
            "description": "",
            "effective_labels": {},
            "encryption_configuration": [],
            "etag": "Kdd05R7x6HeKfY6Su/dihw==",
            "expiration_time": 1722644028045,
            "external_data_configuration": [],
            "friendly_name": "",
            "id": "projects/ee-india-se-data/datasets/movies_data_ajit/tables/movies_raw",
            "labels": {},
            "last_modified_time": 1722500028084,
            "location": "asia-south1",
            "materialized_view": [],
            "max_staleness": "",
            "num_bytes": 0,
            "num_long_term_bytes": 0,
            "num_rows": 0,
            "project": "ee-india-se-data",
            "range_partitioning": [],
            "require_partition_filter": false,
            "schema": "[{\"description\":\"adult\",\"mode\":\"NULLABLE\",\"name\":\"adult\",\"type\":\"STRING\"},{\"description\":\"belongs_to_collection\",\"mode\":\"NULLABLE\",\"name\":\"belongs_to_collection\",\"type\":\"STRING\"},{\"description\":\"budget\",\"mode\":\"NULLABLE\",\"name\":\"budget\",\"type\":\"STRING\"},{\"description\":\"genres\",\"mode\":\"NULLABLE\",\"name\":\"genres\",\"type\":\"STRING\"},{\"description\":\"homepage\",\"mode\":\"NULLABLE\",\"name\":\"homepage\",\"type\":\"STRING\"},{\"description\":\"id\",\"mode\":\"NULLABLE\",\"name\":\"id\",\"type\":\"STRING\"},{\"description\":\"imdb_id\",\"mode\":\"NULLABLE\",\"name\":\"imdb_id\",\"type\":\"STRING\"},{\"description\":\"original_language\",\"mode\":\"NULLABLE\",\"name\":\"original_language\",\"type\":\"STRING\"},{\"description\":\"original_title\",\"mode\":\"NULLABLE\",\"name\":\"original_title\",\"type\":\"STRING\"},{\"description\":\"overview\",\"mode\":\"NULLABLE\",\"name\":\"overview\",\"type\":\"STRING\"},{\"description\":\"popularity\",\"mode\":\"NULLABLE\",\"name\":\"popularity\",\"type\":\"STRING\"},{\"description\":\"poster_path\",\"mode\":\"NULLABLE\",\"name\":\"poster_path\",\"type\":\"STRING\"},{\"description\":\"production_companies\",\"mode\":\"NULLABLE\",\"name\":\"production_companies\",\"type\":\"STRING\"},{\"description\":\"production_countries\",\"mode\":\"NULLABLE\",\"name\":\"production_countries\",\"type\":\"STRING\"},{\"description\":\"release_date\",\"mode\":\"NULLABLE\",\"name\":\"release_date\",\"type\":\"STRING\"},{\"description\":\"revenue\",\"mode\":\"NULLABLE\",\"name\":\"revenue\",\"type\":\"STRING\"},{\"description\":\"runtime\",\"mode\":\"NULLABLE\",\"name\":\"runtime\",\"type\":\"STRING\"},{\"description\":\"spoken_languages\",\"mode\":\"NULLABLE\",\"name\":\"spoken_languages\",\"type\":\"STRING\"},{\"description\":\"status\",\"mode\":\"NULLABLE\",\"name\":\"status\",\"type\":\"STRING\"},{\"description\":\"tagline\",\"mode\":\"NULLABLE\",\"name\":\"tagline\",\"type\":\"STRING\"},{\"description\":\"title\",\"mode\":\"NULLABLE\",\"name\":\"title\",\"type\":\"STRING\"},{\"description\":\"video\",\"mode\":\"NULLABLE\",\"name\":\"video\",\"type\":\"STRING\"},{\"description\":\"vote_average\",\"mode\":\"NULLABLE\",\"name\":\"vote_average\",\"type\":\"STRING\"},{\"description\":\"vote_count\",\"mode\":\"NULLABLE\",\"name\":\"vote_count\",\"type\":\"STRING\"},{\"defaultValueExpression\":\"CURRENT_DATETIME()\",\"description\":\"vote_count\",\"mode\":\"NULLABLE\",\"name\":\"load_date\",\"type\":\"DATETIME\"}]",
            "self_link": "https://bigquery.googleapis.com/bigquery/v2/projects/ee-india-se-data/datasets/movies_data_ajit/tables/movies_raw",
            "table_constraints": [],
            "table_id": "movies_raw",
            "table_replication_info": [],
            "terraform_labels": {},
            "time_partitioning": [],
            "type": "TABLE",
            "view": []
          },
          "sensitive_attributes": [],
          "private": "bnVsbA==",
          "dependencies": [
            "google_bigquery_dataset.movies_data"
          ]
        }
      ]
    },
    {
      "mode": "managed",
      "type": "google_bigquery_table",
      "name": "ratings_raw",
      "provider": "provider[\"registry.terraform.io/hashicorp/google\"]",
      "instances": [
        {
          "schema_version": 0,
          "attributes": {
            "clustering": null,
            "creation_time": 1722500028031,
            "dataset_id": "movies_data_ajit",
            "deletion_protection": false,
            "description": "",
            "effective_labels": {},
            "encryption_configuration": [],
            "etag": "CipZKY6bC78dXGF6qK45/w==",
            "expiration_time": 1722644028031,
            "external_data_configuration": [],
            "friendly_name": "",
            "id": "projects/ee-india-se-data/datasets/movies_data_ajit/tables/ratings_raw",
            "labels": {},
            "last_modified_time": 1722500028062,
            "location": "asia-south1",
            "materialized_view": [],
            "max_staleness": "",
            "num_bytes": 0,
            "num_long_term_bytes": 0,
            "num_rows": 0,
            "project": "ee-india-se-data",
            "range_partitioning": [],
            "require_partition_filter": false,
            "schema": "[{\"description\":\"user id\",\"mode\":\"NULLABLE\",\"name\":\"userId\",\"type\":\"STRING\"},{\"description\":\"movie id\",\"mode\":\"NULLABLE\",\"name\":\"movieId\",\"type\":\"STRING\"},{\"description\":\"rating\",\"mode\":\"NULLABLE\",\"name\":\"rating\",\"type\":\"STRING\"},{\"description\":\"timestamp\",\"mode\":\"NULLABLE\",\"name\":\"timestamp\",\"type\":\"STRING\"},{\"defaultValueExpression\":\"CURRENT_DATETIME()\",\"description\":\"vote_count\",\"mode\":\"NULLABLE\",\"name\":\"load_time\",\"type\":\"DATETIME\"}]",
            "self_link": "https://bigquery.googleapis.com/bigquery/v2/projects/ee-india-se-data/datasets/movies_data_ajit/tables/ratings_raw",
            "table_constraints": [],
            "table_id": "ratings_raw",
            "table_replication_info": [],
            "terraform_labels": {},
            "time_partitioning": [],
            "type": "TABLE",
            "view": []
          },
          "sensitive_attributes": [],
          "private": "bnVsbA==",
          "dependencies": [
            "google_bigquery_dataset.movies_data"
          ]
        }
      ]
    },
    {
      "mode": "managed",
      "type": "google_cloudfunctions_function",
      "name": "data_loader",
      "provider": "provider[\"registry.terraform.io/hashicorp/google\"]",
      "instances": [
        {
          "schema_version": 0,
          "attributes": {
            "available_memory_mb": 256,
            "build_environment_variables": null,
            "build_worker_pool": "",
            "description": "",
            "docker_registry": "ARTIFACT_REGISTRY",
            "docker_repository": "",
            "effective_labels": {},
            "entry_point": "data_loader",
            "environment_variables": null,
            "event_trigger": [
              {
                "event_type": "google.storage.object.finalize",
                "failure_policy": [
                  {
                    "retry": false
                  }
                ],
                "resource": "projects/ee-india-se-data/buckets/se-data-landing-ajit"
              }
            ],
            "https_trigger_security_level": null,
            "https_trigger_url": null,
            "id": "projects/ee-india-se-data/locations/asia-south1/functions/data_loader",
            "ingress_settings": "ALLOW_ALL",
            "kms_key_name": "",
            "labels": null,
            "max_instances": 3000,
            "min_instances": 0,
            "name": "data_loader",
            "project": "ee-india-se-data",
            "region": "asia-south1",
            "runtime": "python312",
            "secret_environment_variables": [],
            "secret_volumes": [],
            "service_account_email": "ee-india-se-data@appspot.gserviceaccount.com",
            "source_archive_bucket": "se-data-cloudfunction-ajit",
            "source_archive_object": "data_loader_function.zip",
            "source_repository": [],
            "status": "ACTIVE",
            "terraform_labels": {},
            "timeout": 60,
            "timeouts": null,
            "trigger_http": null,
            "version_id": "1",
            "vpc_connector": "",
            "vpc_connector_egress_settings": ""
          },
          "sensitive_attributes": [],
          "private": "eyJlMmJmYjczMC1lY2FhLTExZTYtOGY4OC0zNDM2M2JjN2M0YzAiOnsiY3JlYXRlIjozMDAwMDAwMDAwMDAsImRlbGV0ZSI6MzAwMDAwMDAwMDAwLCJyZWFkIjozMDAwMDAwMDAwMDAsInVwZGF0ZSI6MzAwMDAwMDAwMDAwfX0=",
          "dependencies": [
            "google_storage_bucket.cloud-function-bucket",
            "google_storage_bucket.landing-bucket",
            "google_storage_bucket_object.archive"
          ]
        }
      ]
    },
    {
      "mode": "managed",
      "type": "google_storage_bucket",
      "name": "cloud-function-bucket",
      "provider": "provider[\"registry.terraform.io/hashicorp/google\"]",
      "instances": [
        {
          "schema_version": 1,
          "attributes": {
            "autoclass": [],
            "cors": [],
            "custom_placement_config": [],
            "default_event_based_hold": false,
            "effective_labels": {},
            "enable_object_retention": false,
            "encryption": [],
            "force_destroy": true,
            "id": "se-data-cloudfunction-ajit",
            "labels": {},
            "lifecycle_rule": [
              {
                "action": [
                  {
                    "storage_class": "",
                    "type": "AbortIncompleteMultipartUpload"
                  }
                ],
                "condition": [
                  {
                    "age": 1,
                    "created_before": "",
                    "custom_time_before": "",
                    "days_since_custom_time": 0,
                    "days_since_noncurrent_time": 0,
                    "matches_prefix": [],
                    "matches_storage_class": [],
                    "matches_suffix": [],
                    "no_age": false,
                    "noncurrent_time_before": "",
                    "num_newer_versions": 0,
                    "send_days_since_custom_time_if_zero": false,
                    "send_days_since_noncurrent_time_if_zero": false,
                    "send_num_newer_versions_if_zero": false,
                    "with_state": "ANY"
                  }
                ]
              }
            ],
            "location": "ASIA-SOUTH1",
            "logging": [],
            "name": "se-data-cloudfunction-ajit",
            "project": "ee-india-se-data",
            "project_number": 365603594789,
            "public_access_prevention": "enforced",
            "requester_pays": false,
            "retention_policy": [],
            "rpo": null,
            "self_link": "https://www.googleapis.com/storage/v1/b/se-data-cloudfunction-ajit",
            "soft_delete_policy": [
              {
                "effective_time": "2024-08-01T08:13:48.841Z",
                "retention_duration_seconds": 604800
              }
            ],
            "storage_class": "STANDARD",
            "terraform_labels": {},
            "timeouts": null,
            "uniform_bucket_level_access": false,
            "url": "gs://se-data-cloudfunction-ajit",
            "versioning": [],
            "website": []
          },
          "sensitive_attributes": [],
          "private": "eyJlMmJmYjczMC1lY2FhLTExZTYtOGY4OC0zNDM2M2JjN2M0YzAiOnsiY3JlYXRlIjo2MDAwMDAwMDAwMDAsInJlYWQiOjI0MDAwMDAwMDAwMCwidXBkYXRlIjoyNDAwMDAwMDAwMDB9LCJzY2hlbWFfdmVyc2lvbiI6IjEifQ=="
        }
      ]
    },
    {
      "mode": "managed",
      "type": "google_storage_bucket",
      "name": "landing-bucket",
      "provider": "provider[\"registry.terraform.io/hashicorp/google\"]",
      "instances": [
        {
          "schema_version": 1,
          "attributes": {
            "autoclass": [],
            "cors": [],
            "custom_placement_config": [],
            "default_event_based_hold": false,
            "effective_labels": {},
            "enable_object_retention": false,
            "encryption": [],
            "force_destroy": true,
            "id": "se-data-landing-ajit",
            "labels": {},
            "lifecycle_rule": [
              {
                "action": [
                  {
                    "storage_class": "",
                    "type": "AbortIncompleteMultipartUpload"
                  }
                ],
                "condition": [
                  {
                    "age": 1,
                    "created_before": "",
                    "custom_time_before": "",
                    "days_since_custom_time": 0,
                    "days_since_noncurrent_time": 0,
                    "matches_prefix": [],
                    "matches_storage_class": [],
                    "matches_suffix": [],
                    "no_age": false,
                    "noncurrent_time_before": "",
                    "num_newer_versions": 0,
                    "send_days_since_custom_time_if_zero": false,
                    "send_days_since_noncurrent_time_if_zero": false,
                    "send_num_newer_versions_if_zero": false,
                    "with_state": "ANY"
                  }
                ]
              }
            ],
            "location": "ASIA-SOUTH1",
            "logging": [],
            "name": "se-data-landing-ajit",
            "project": "ee-india-se-data",
            "project_number": 365603594789,
            "public_access_prevention": "enforced",
            "requester_pays": false,
            "retention_policy": [],
            "rpo": null,
            "self_link": "https://www.googleapis.com/storage/v1/b/se-data-landing-ajit",
            "soft_delete_policy": [
              {
                "effective_time": "2024-08-01T08:13:47.623Z",
                "retention_duration_seconds": 604800
              }
            ],
            "storage_class": "STANDARD",
            "terraform_labels": {},
            "timeouts": null,
            "uniform_bucket_level_access": false,
            "url": "gs://se-data-landing-ajit",
            "versioning": [],
            "website": []
          },
          "sensitive_attributes": [],
          "private": "eyJlMmJmYjczMC1lY2FhLTExZTYtOGY4OC0zNDM2M2JjN2M0YzAiOnsiY3JlYXRlIjo2MDAwMDAwMDAwMDAsInJlYWQiOjI0MDAwMDAwMDAwMCwidXBkYXRlIjoyNDAwMDAwMDAwMDB9LCJzY2hlbWFfdmVyc2lvbiI6IjEifQ=="
        }
      ]
    },
    {
      "mode": "managed",
      "type": "google_storage_bucket_object",
      "name": "archive",
      "provider": "provider[\"registry.terraform.io/hashicorp/google\"]",
      "instances": [
        {
          "schema_version": 0,
          "attributes": {
            "bucket": "se-data-cloudfunction-ajit",
            "cache_control": "",
            "content": null,
            "content_disposition": "",
            "content_encoding": "",
            "content_language": "",
            "content_type": "application/zip",
            "crc32c": "P3TXow==",
            "customer_encryption": [],
            "detect_md5hash": "wWd3TP0ka37TiKA+fuK9Sw==",
            "event_based_hold": false,
            "id": "se-data-cloudfunction-ajit-data_loader_function.zip",
            "kms_key_name": "",
            "md5hash": "wWd3TP0ka37TiKA+fuK9Sw==",
            "media_link": "https://storage.googleapis.com/download/storage/v1/b/se-data-cloudfunction-ajit/o/data_loader_function.zip?generation=1722501274669839\u0026alt=media",
            "metadata": {},
            "name": "data_loader_function.zip",
            "output_name": "data_loader_function.zip",
            "retention": [],
            "self_link": "https://www.googleapis.com/storage/v1/b/se-data-cloudfunction-ajit/o/data_loader_function.zip",
            "source": "../cloud_functions/data_loader.zip",
            "storage_class": "STANDARD",
            "temporary_hold": false,
            "timeouts": null
          },
          "sensitive_attributes": [],
          "private": "eyJlMmJmYjczMC1lY2FhLTExZTYtOGY4OC0zNDM2M2JjN2M0YzAiOnsiY3JlYXRlIjoyNDAwMDAwMDAwMDAsImRlbGV0ZSI6MjQwMDAwMDAwMDAwLCJ1cGRhdGUiOjI0MDAwMDAwMDAwMH19",
          "dependencies": [
            "data.archive_file.functionZip",
            "google_storage_bucket.cloud-function-bucket"
          ]
        }
      ]
    }
  ],
  "check_results": null
}
